// !$*UTF8*$!
{
	archiveVersion = 1;
	classes = {
	};
	objectVersion = 56;
	objects = {

/* Begin PBXBuildFile section */
		B30B05C02A0922A000339E62 /* AppDelegate.swift in Sources */ = {isa = PBXBuildFile; fileRef = B30B05BF2A0922A000339E62 /* AppDelegate.swift */; };
		B30B05C22A0922A000339E62 /* SceneDelegate.swift in Sources */ = {isa = PBXBuildFile; fileRef = B30B05C12A0922A000339E62 /* SceneDelegate.swift */; };
		B30B05C92A0922A100339E62 /* Assets.xcassets in Resources */ = {isa = PBXBuildFile; fileRef = B30B05C82A0922A100339E62 /* Assets.xcassets */; };
		B30B05CC2A0922A100339E62 /* LaunchScreen.storyboard in Resources */ = {isa = PBXBuildFile; fileRef = B30B05CA2A0922A100339E62 /* LaunchScreen.storyboard */; };
		B30B05D72A0939C500339E62 /* MainTabBarViewController.swift in Sources */ = {isa = PBXBuildFile; fileRef = B30B05D62A0939C500339E62 /* MainTabBarViewController.swift */; };
		B30B05D92A093A7000339E62 /* HomeViewController.swift in Sources */ = {isa = PBXBuildFile; fileRef = B30B05D82A093A7000339E62 /* HomeViewController.swift */; };
		B30B05DB2A093AA700339E62 /* SheduleViewController.swift in Sources */ = {isa = PBXBuildFile; fileRef = B30B05DA2A093AA700339E62 /* SheduleViewController.swift */; };
		B30B05DD2A093ABC00339E62 /* ProfileViewController.swift in Sources */ = {isa = PBXBuildFile; fileRef = B30B05DC2A093ABC00339E62 /* ProfileViewController.swift */; };
		B30B05DF2A093B0700339E62 /* DetailsViewController.swift in Sources */ = {isa = PBXBuildFile; fileRef = B30B05DE2A093B0700339E62 /* DetailsViewController.swift */; };
		B3B588412A0A16CE00EF6468 /* BannerViewTableViewCell.swift in Sources */ = {isa = PBXBuildFile; fileRef = B3B588402A0A16CE00EF6468 /* BannerViewTableViewCell.swift */; };
		B3B588432A0A217B00EF6468 /* HeroHeaderUIView.swift in Sources */ = {isa = PBXBuildFile; fileRef = B3B588422A0A217B00EF6468 /* HeroHeaderUIView.swift */; };
		B3B588462A0A64F400EF6468 /* APICaller.swift in Sources */ = {isa = PBXBuildFile; fileRef = B3B588452A0A64F400EF6468 /* APICaller.swift */; };
/* End PBXBuildFile section */

/* Begin PBXFileReference section */
		B30B05BC2A0922A000339E62 /* Health App.app */ = {isa = PBXFileReference; explicitFileType = wrapper.application; includeInIndex = 0; path = "Health App.app"; sourceTree = BUILT_PRODUCTS_DIR; };
		B30B05BF2A0922A000339E62 /* AppDelegate.swift */ = {isa = PBXFileReference; lastKnownFileType = sourcecode.swift; path = AppDelegate.swift; sourceTree = "<group>"; };
		B30B05C12A0922A000339E62 /* SceneDelegate.swift */ = {isa = PBXFileReference; lastKnownFileType = sourcecode.swift; path = SceneDelegate.swift; sourceTree = "<group>"; };
		B30B05C82A0922A100339E62 /* Assets.xcassets */ = {isa = PBXFileReference; lastKnownFileType = folder.assetcatalog; path = Assets.xcassets; sourceTree = "<group>"; };
		B30B05CB2A0922A100339E62 /* Base */ = {isa = PBXFileReference; lastKnownFileType = file.storyboard; name = Base; path = Base.lproj/LaunchScreen.storyboard; sourceTree = "<group>"; };
		B30B05CD2A0922A100339E62 /* Info.plist */ = {isa = PBXFileReference; lastKnownFileType = text.plist.xml; path = Info.plist; sourceTree = "<group>"; };
		B30B05D62A0939C500339E62 /* MainTabBarViewController.swift */ = {isa = PBXFileReference; lastKnownFileType = sourcecode.swift; path = MainTabBarViewController.swift; sourceTree = "<group>"; };
		B30B05D82A093A7000339E62 /* HomeViewController.swift */ = {isa = PBXFileReference; lastKnownFileType = sourcecode.swift; path = HomeViewController.swift; sourceTree = "<group>"; };
		B30B05DA2A093AA700339E62 /* SheduleViewController.swift */ = {isa = PBXFileReference; lastKnownFileType = sourcecode.swift; path = SheduleViewController.swift; sourceTree = "<group>"; };
		B30B05DC2A093ABC00339E62 /* ProfileViewController.swift */ = {isa = PBXFileReference; lastKnownFileType = sourcecode.swift; path = ProfileViewController.swift; sourceTree = "<group>"; };
		B30B05DE2A093B0700339E62 /* DetailsViewController.swift */ = {isa = PBXFileReference; lastKnownFileType = sourcecode.swift; path = DetailsViewController.swift; sourceTree = "<group>"; };
		B3B588402A0A16CE00EF6468 /* BannerViewTableViewCell.swift */ = {isa = PBXFileReference; lastKnownFileType = sourcecode.swift; path = BannerViewTableViewCell.swift; sourceTree = "<group>"; };
		B3B588422A0A217B00EF6468 /* HeroHeaderUIView.swift */ = {isa = PBXFileReference; lastKnownFileType = sourcecode.swift; path = HeroHeaderUIView.swift; sourceTree = "<group>"; };
		B3B588452A0A64F400EF6468 /* APICaller.swift */ = {isa = PBXFileReference; lastKnownFileType = sourcecode.swift; path = APICaller.swift; sourceTree = "<group>"; };
/* End PBXFileReference section */

/* Begin PBXFrameworksBuildPhase section */
		B30B05B92A0922A000339E62 /* Frameworks */ = {
			isa = PBXFrameworksBuildPhase;
			buildActionMask = 2147483647;
			files = (
			);
			runOnlyForDeploymentPostprocessing = 0;
		};
/* End PBXFrameworksBuildPhase section */

/* Begin PBXGroup section */
		B30B05B32A0922A000339E62 = {
			isa = PBXGroup;
			children = (
				B30B05BE2A0922A000339E62 /* Health App */,
				B30B05BD2A0922A000339E62 /* Products */,
			);
			sourceTree = "<group>";
		};
		B30B05BD2A0922A000339E62 /* Products */ = {
			isa = PBXGroup;
			children = (
				B30B05BC2A0922A000339E62 /* Health App.app */,
			);
			name = Products;
			sourceTree = "<group>";
		};
		B30B05BE2A0922A000339E62 /* Health App */ = {
			isa = PBXGroup;
			children = (
				B3B588442A0A644900EF6468 /* Managers */,
				B3B5883F2A0A151500EF6468 /* Models */,
				B3B5883E2A0A150400EF6468 /* ViewModels */,
				B3B5883D2A0A14FB00EF6468 /* Views */,
				B30B05D32A09325C00339E62 /* Controllers */,
				B30B05BF2A0922A000339E62 /* AppDelegate.swift */,
				B30B05C12A0922A000339E62 /* SceneDelegate.swift */,
				B30B05C82A0922A100339E62 /* Assets.xcassets */,
				B30B05CA2A0922A100339E62 /* LaunchScreen.storyboard */,
				B30B05CD2A0922A100339E62 /* Info.plist */,
			);
			path = "Health App";
			sourceTree = "<group>";
		};
		B30B05D32A09325C00339E62 /* Controllers */ = {
			isa = PBXGroup;
			children = (
				B30B05D62A0939C500339E62 /* MainTabBarViewController.swift */,
				B30B05D82A093A7000339E62 /* HomeViewController.swift */,
				B30B05DE2A093B0700339E62 /* DetailsViewController.swift */,
				B30B05DA2A093AA700339E62 /* SheduleViewController.swift */,
				B30B05DC2A093ABC00339E62 /* ProfileViewController.swift */,
			);
			path = Controllers;
			sourceTree = "<group>";
		};
		B3B5883D2A0A14FB00EF6468 /* Views */ = {
			isa = PBXGroup;
			children = (
				B3B588402A0A16CE00EF6468 /* BannerViewTableViewCell.swift */,
				B3B588422A0A217B00EF6468 /* HeroHeaderUIView.swift */,
			);
			path = Views;
			sourceTree = "<group>";
		};
		B3B5883E2A0A150400EF6468 /* ViewModels */ = {
			isa = PBXGroup;
			children = (
			);
			path = ViewModels;
			sourceTree = "<group>";
		};
		B3B5883F2A0A151500EF6468 /* Models */ = {
			isa = PBXGroup;
			children = (
			);
			path = Models;
			sourceTree = "<group>";
		};
		B3B588442A0A644900EF6468 /* Managers */ = {
			isa = PBXGroup;
			children = (
				B3B588452A0A64F400EF6468 /* APICaller.swift */,
			);
			path = Managers;
			sourceTree = "<group>";
		};
/* End PBXGroup section */

/* Begin PBXNativeTarget section */
		B30B05BB2A0922A000339E62 /* Health App */ = {
			isa = PBXNativeTarget;
			buildConfigurationList = B30B05D02A0922A100339E62 /* Build configuration list for PBXNativeTarget "Health App" */;
			buildPhases = (
				B30B05B82A0922A000339E62 /* Sources */,
				B30B05B92A0922A000339E62 /* Frameworks */,
				B30B05BA2A0922A000339E62 /* Resources */,
			);
			buildRules = (
			);
			dependencies = (
			);
			name = "Health App";
			productName = "Health App";
			productReference = B30B05BC2A0922A000339E62 /* Health App.app */;
			productType = "com.apple.product-type.application";
		};
/* End PBXNativeTarget section */

/* Begin PBXProject section */
		B30B05B42A0922A000339E62 /* Project object */ = {
			isa = PBXProject;
			attributes = {
				BuildIndependentTargetsInParallel = 1;
				LastSwiftUpdateCheck = 1430;
				LastUpgradeCheck = 1430;
				TargetAttributes = {
					B30B05BB2A0922A000339E62 = {
						CreatedOnToolsVersion = 14.3;
					};
				};
			};
			buildConfigurationList = B30B05B72A0922A000339E62 /* Build configuration list for PBXProject "Health App" */;
			compatibilityVersion = "Xcode 14.0";
			developmentRegion = en;
			hasScannedForEncodings = 0;
			knownRegions = (
				en,
				Base,
			);
			mainGroup = B30B05B32A0922A000339E62;
			productRefGroup = B30B05BD2A0922A000339E62 /* Products */;
			projectDirPath = "";
			projectRoot = "";
			targets = (
				B30B05BB2A0922A000339E62 /* Health App */,
			);
		};
/* End PBXProject section */

/* Begin PBXResourcesBuildPhase section */
		B30B05BA2A0922A000339E62 /* Resources */ = {
			isa = PBXResourcesBuildPhase;
			buildActionMask = 2147483647;
			files = (
				B30B05CC2A0922A100339E62 /* LaunchScreen.storyboard in Resources */,
				B30B05C92A0922A100339E62 /* Assets.xcassets in Resources */,
			);
			runOnlyForDeploymentPostprocessing = 0;
		};
/* End PBXResourcesBuildPhase section */

/* Begin PBXSourcesBuildPhase section */
		B30B05B82A0922A000339E62 /* Sources */ = {
			isa = PBXSourcesBuildPhase;
			buildActionMask = 2147483647;
			files = (
				B30B05DD2A093ABC00339E62 /* ProfileViewController.swift in Sources */,
				B30B05D72A0939C500339E62 /* MainTabBarViewController.swift in Sources */,
				B30B05C02A0922A000339E62 /* AppDelegate.swift in Sources */,
				B3B588462A0A64F400EF6468 /* APICaller.swift in Sources */,
				B3B588432A0A217B00EF6468 /* HeroHeaderUIView.swift in Sources */,
				B30B05C22A0922A000339E62 /* SceneDelegate.swift in Sources */,
				B3B588412A0A16CE00EF6468 /* BannerViewTableViewCell.swift in Sources */,
				B30B05DF2A093B0700339E62 /* DetailsViewController.swift in Sources */,
				B30B05D92A093A7000339E62 /* HomeViewController.swift in Sources */,
				B30B05DB2A093AA700339E62 /* SheduleViewController.swift in Sources */,
			);
			runOnlyForDeploymentPostprocessing = 0;
		};
/* End PBXSourcesBuildPhase section */

/* Begin PBXVariantGroup section */
		B30B05CA2A0922A100339E62 /* LaunchScreen.storyboard */ = {
			isa = PBXVariantGroup;
			children = (
				B30B05CB2A0922A100339E62 /* Base */,
			);
			name = LaunchScreen.storyboard;
			sourceTree = "<group>";
		};
/* End PBXVariantGroup section */

/* Begin XCBuildConfiguration section */
		B30B05CE2A0922A100339E62 /* Debug */ = {
			isa = XCBuildConfiguration;
			buildSettings = {
				ALWAYS_SEARCH_USER_PATHS = NO;
				CLANG_ANALYZER_NONNULL = YES;
				CLANG_ANALYZER_NUMBER_OBJECT_CONVERSION = YES_AGGRESSIVE;
				CLANG_CXX_LANGUAGE_STANDARD = "gnu++20";
				CLANG_ENABLE_MODULES = YES;
				CLANG_ENABLE_OBJC_ARC = YES;
				CLANG_ENABLE_OBJC_WEAK = YES;
				CLANG_WARN_BLOCK_CAPTURE_AUTORELEASING = YES;
				CLANG_WARN_BOOL_CONVERSION = YES;
				CLANG_WARN_COMMA = YES;
				CLANG_WARN_CONSTANT_CONVERSION = YES;
				CLANG_WARN_DEPRECATED_OBJC_IMPLEMENTATIONS = YES;
				CLANG_WARN_DIRECT_OBJC_ISA_USAGE = YES_ERROR;
				CLANG_WARN_DOCUMENTATION_COMMENTS = YES;
				CLANG_WARN_EMPTY_BODY = YES;
				CLANG_WARN_ENUM_CONVERSION = YES;
				CLANG_WARN_INFINITE_RECURSION = YES;
				CLANG_WARN_INT_CONVERSION = YES;
				CLANG_WARN_NON_LITERAL_NULL_CONVERSION = YES;
				CLANG_WARN_OBJC_IMPLICIT_RETAIN_SELF = YES;
				CLANG_WARN_OBJC_LITERAL_CONVERSION = YES;
				CLANG_WARN_OBJC_ROOT_CLASS = YES_ERROR;
				CLANG_WARN_QUOTED_INCLUDE_IN_FRAMEWORK_HEADER = YES;
				CLANG_WARN_RANGE_LOOP_ANALYSIS = YES;
				CLANG_WARN_STRICT_PROTOTYPES = YES;
				CLANG_WARN_SUSPICIOUS_MOVE = YES;
				CLANG_WARN_UNGUARDED_AVAILABILITY = YES_AGGRESSIVE;
				CLANG_WARN_UNREACHABLE_CODE = YES;
				CLANG_WARN__DUPLICATE_METHOD_MATCH = YES;
				COPY_PHASE_STRIP = NO;
				DEBUG_INFORMATION_FORMAT = dwarf;
				ENABLE_STRICT_OBJC_MSGSEND = YES;
				ENABLE_TESTABILITY = YES;
				GCC_C_LANGUAGE_STANDARD = gnu11;
				GCC_DYNAMIC_NO_PIC = NO;
				GCC_NO_COMMON_BLOCKS = YES;
				GCC_OPTIMIZATION_LEVEL = 0;
				GCC_PREPROCESSOR_DEFINITIONS = (
					"DEBUG=1",
					"$(inherited)",
				);
				GCC_WARN_64_TO_32_BIT_CONVERSION = YES;
				GCC_WARN_ABOUT_RETURN_TYPE = YES_ERROR;
				GCC_WARN_UNDECLARED_SELECTOR = YES;
				GCC_WARN_UNINITIALIZED_AUTOS = YES_AGGRESSIVE;
				GCC_WARN_UNUSED_FUNCTION = YES;
				GCC_WARN_UNUSED_VARIABLE = YES;
				IPHONEOS_DEPLOYMENT_TARGET = 16.4;
				MTL_ENABLE_DEBUG_INFO = INCLUDE_SOURCE;
				MTL_FAST_MATH = YES;
				ONLY_ACTIVE_ARCH = YES;
				SDKROOT = iphoneos;
				SWIFT_ACTIVE_COMPILATION_CONDITIONS = DEBUG;
				SWIFT_OPTIMIZATION_LEVEL = "-Onone";
			};
			name = Debug;
		};
		B30B05CF2A0922A100339E62 /* Release */ = {
			isa = XCBuildConfiguration;
			buildSettings = {
				ALWAYS_SEARCH_USER_PATHS = NO;
				CLANG_ANALYZER_NONNULL = YES;
				CLANG_ANALYZER_NUMBER_OBJECT_CONVERSION = YES_AGGRESSIVE;
				CLANG_CXX_LANGUAGE_STANDARD = "gnu++20";
				CLANG_ENABLE_MODULES = YES;
				CLANG_ENABLE_OBJC_ARC = YES;
				CLANG_ENABLE_OBJC_WEAK = YES;
				CLANG_WARN_BLOCK_CAPTURE_AUTORELEASING = YES;
				CLANG_WARN_BOOL_CONVERSION = YES;
				CLANG_WARN_COMMA = YES;
				CLANG_WARN_CONSTANT_CONVERSION = YES;
				CLANG_WARN_DEPRECATED_OBJC_IMPLEMENTATIONS = YES;
				CLANG_WARN_DIRECT_OBJC_ISA_USAGE = YES_ERROR;
				CLANG_WARN_DOCUMENTATION_COMMENTS = YES;
				CLANG_WARN_EMPTY_BODY = YES;
				CLANG_WARN_ENUM_CONVERSION = YES;
				CLANG_WARN_INFINITE_RECURSION = YES;
				CLANG_WARN_INT_CONVERSION = YES;
				CLANG_WARN_NON_LITERAL_NULL_CONVERSION = YES;
				CLANG_WARN_OBJC_IMPLICIT_RETAIN_SELF = YES;
				CLANG_WARN_OBJC_LITERAL_CONVERSION = YES;
				CLANG_WARN_OBJC_ROOT_CLASS = YES_ERROR;
				CLANG_WARN_QUOTED_INCLUDE_IN_FRAMEWORK_HEADER = YES;
				CLANG_WARN_RANGE_LOOP_ANALYSIS = YES;
				CLANG_WARN_STRICT_PROTOTYPES = YES;
				CLANG_WARN_SUSPICIOUS_MOVE = YES;
				CLANG_WARN_UNGUARDED_AVAILABILITY = YES_AGGRESSIVE;
				CLANG_WARN_UNREACHABLE_CODE = YES;
				CLANG_WARN__DUPLICATE_METHOD_MATCH = YES;
				COPY_PHASE_STRIP = NO;
				DEBUG_INFORMATION_FORMAT = "dwarf-with-dsym";
				ENABLE_NS_ASSERTIONS = NO;
				ENABLE_STRICT_OBJC_MSGSEND = YES;
				GCC_C_LANGUAGE_STANDARD = gnu11;
				GCC_NO_COMMON_BLOCKS = YES;
				GCC_WARN_64_TO_32_BIT_CONVERSION = YES;
				GCC_WARN_ABOUT_RETURN_TYPE = YES_ERROR;
				GCC_WARN_UNDECLARED_SELECTOR = YES;
				GCC_WARN_UNINITIALIZED_AUTOS = YES_AGGRESSIVE;
				GCC_WARN_UNUSED_FUNCTION = YES;
				GCC_WARN_UNUSED_VARIABLE = YES;
				IPHONEOS_DEPLOYMENT_TARGET = 16.4;
				MTL_ENABLE_DEBUG_INFO = NO;
				MTL_FAST_MATH = YES;
				SDKROOT = iphoneos;
				SWIFT_COMPILATION_MODE = wholemodule;
				SWIFT_OPTIMIZATION_LEVEL = "-O";
				VALIDATE_PRODUCT = YES;
			};
			name = Release;
		};
		B30B05D12A0922A100339E62 /* Debug */ = {
			isa = XCBuildConfiguration;
			buildSettings = {
				ASSETCATALOG_COMPILER_APPICON_NAME = AppIcon;
				ASSETCATALOG_COMPILER_GLOBAL_ACCENT_COLOR_NAME = AccentColor;
				CODE_SIGN_STYLE = Automatic;
				CURRENT_PROJECT_VERSION = 1;
				GENERATE_INFOPLIST_FILE = YES;
				INFOPLIST_FILE = "Health App/Info.plist";
				INFOPLIST_KEY_UIApplicationSupportsIndirectInputEvents = YES;
				INFOPLIST_KEY_UILaunchStoryboardName = LaunchScreen;
				INFOPLIST_KEY_UISupportedInterfaceOrientations_iPad = "UIInterfaceOrientationPortrait UIInterfaceOrientationPortraitUpsideDown UIInterfaceOrientationLandscapeLeft UIInterfaceOrientationLandscapeRight";
				INFOPLIST_KEY_UISupportedInterfaceOrientations_iPhone = "UIInterfaceOrientationPortrait UIInterfaceOrientationLandscapeLeft UIInterfaceOrientationLandscapeRight";
				IPHONEOS_DEPLOYMENT_TARGET = 14.0;
				LD_RUNPATH_SEARCH_PATHS = (
					"$(inherited)",
					"@executable_path/Frameworks",
				);
				MARKETING_VERSION = 1.0;
				PRODUCT_BUNDLE_IDENTIFIER = "Maxsi.Health-App";
				PRODUCT_NAME = "$(TARGET_NAME)";
				SWIFT_EMIT_LOC_STRINGS = YES;
				SWIFT_VERSION = 5.0;
				TARGETED_DEVICE_FAMILY = "1,2";
			};
			name = Debug;
		};
		B30B05D22A0922A100339E62 /* Release */ = {
			isa = XCBuildConfiguration;
			buildSettings = {
				ASSETCATALOG_COMPILER_APPICON_NAME = AppIcon;
				ASSETCATALOG_COMPILER_GLOBAL_ACCENT_COLOR_NAME = AccentColor;
				CODE_SIGN_STYLE = Automatic;
				CURRENT_PROJECT_VERSION = 1;
				GENERATE_INFOPLIST_FILE = YES;
				INFOPLIST_FILE = "Health App/Info.plist";
				INFOPLIST_KEY_UIApplicationSupportsIndirectInputEvents = YES;
				INFOPLIST_KEY_UILaunchStoryboardName = LaunchScreen;
				INFOPLIST_KEY_UISupportedInterfaceOrientations_iPad = "UIInterfaceOrientationPortrait UIInterfaceOrientationPortraitUpsideDown UIInterfaceOrientationLandscapeLeft UIInterfaceOrientationLandscapeRight";
				INFOPLIST_KEY_UISupportedInterfaceOrientations_iPhone = "UIInterfaceOrientationPortrait UIInterfaceOrientationLandscapeLeft UIInterfaceOrientationLandscapeRight";
				IPHONEOS_DEPLOYMENT_TARGET = 14.0;
				LD_RUNPATH_SEARCH_PATHS = (
					"$(inherited)",
					"@executable_path/Frameworks",
				);
				MARKETING_VERSION = 1.0;
				PRODUCT_BUNDLE_IDENTIFIER = "Maxsi.Health-App";
				PRODUCT_NAME = "$(TARGET_NAME)";
				SWIFT_EMIT_LOC_STRINGS = YES;
				SWIFT_VERSION = 5.0;
				TARGETED_DEVICE_FAMILY = "1,2";
			};
			name = Release;
		};
/* End XCBuildConfiguration section */

/* Begin XCConfigurationList section */
		B30B05B72A0922A000339E62 /* Build configuration list for PBXProject "Health App" */ = {
			isa = XCConfigurationList;
			buildConfigurations = (
				B30B05CE2A0922A100339E62 /* Debug */,
				B30B05CF2A0922A100339E62 /* Release */,
			);
			defaultConfigurationIsVisible = 0;
			defaultConfigurationName = Release;
		};
		B30B05D02A0922A100339E62 /* Build configuration list for PBXNativeTarget "Health App" */ = {
			isa = XCConfigurationList;
			buildConfigurations = (
				B30B05D12A0922A100339E62 /* Debug */,
				B30B05D22A0922A100339E62 /* Release */,
			);
			defaultConfigurationIsVisible = 0;
			defaultConfigurationName = Release;
		};
/* End XCConfigurationList section */
	};
	rootObject = B30B05B42A0922A000339E62 /* Project object */;
}
